lockfileVersion: '9.0'

settings:
  autoInstallPeers: true
  excludeLinksFromLockfile: false

catalogs:
  default:
    '@biomejs/biome':
      specifier: ^2.4.12
      version: 2.4.12
    '@types/node':
      specifier: ^24.7.2
      version: 24.12.2
    pyright:
      specifier: ^1.1.409
      version: 1.1.409

importers:

  .:
    devDependencies:
      '@biomejs/biome':
        specifier: 'catalog:'
        version: 2.4.12
      '@playwright/test':
        specifier: ^1.54.2
        version: 1.59.1
      '@types/node':
        specifier: 'catalog:'
        version: 24.12.2
      pyright:
        specifier: 'catalog:'
        version: 1.1.409
      turbo:
        specifier: ^2.7.0
        version: 2.9.6
      typescript:
        specifier: ^5.9.3
        version: 5.9.3

  apps/client-portal-web:
    dependencies:
      '@taxat/generated-models':
        specifier: workspace:*
        version: link:../../packages/generated-models
      '@taxat/web-platform':
        specifier: workspace:*
        version: link:../../packages/web-platform

  apps/control-plane-api:
    dependencies:
      '@taxat/generated-models':
        specifier: workspace:*
        version: link:../../packages/generated-models
      '@taxat/runtime-foundation':
        specifier: workspace:*
        version: link:../../packages/runtime-foundation
      '@taxat/testing-harnesses':
        specifier: workspace:*
        version: link:../../packages/testing-harnesses

  apps/internal-operator-macos:
    dependencies:
      '@taxat/generated-models':
        specifier: workspace:*
        version: link:../../packages/generated-models
      '@taxat/native-platform':
        specifier: workspace:*
        version: link:../../packages/native-platform

  apps/operator-web:
    dependencies:
      '@taxat/generated-models':
        specifier: workspace:*
        version: link:../../packages/generated-models
      '@taxat/web-platform':
        specifier: workspace:*
        version: link:../../packages/web-platform

  apps/provisioning-workbench:
    dependencies:
      '@taxat/generated-models':
        specifier: workspace:*
        version: link:../../packages/generated-models
      '@taxat/testing-harnesses':
        specifier: workspace:*
        version: link:../../packages/testing-harnesses
      '@taxat/web-platform':
        specifier: workspace:*
        version: link:../../packages/web-platform

  automation/provisioning:
    devDependencies:
      '@playwright/test':
        specifier: ^1.54.2
        version: 1.59.1
      '@types/node':
        specifier: ^24.7.2
        version: 24.12.2
      typescript:
        specifier: ^5.9.3
        version: 5.9.3

  packages/contracts-core: {}

  packages/domain-kernel:
    dependencies:
      '@taxat/generated-models':
        specifier: workspace:*
        version: link:../generated-models
      '@taxat/runtime-foundation':
        specifier: workspace:*
        version: link:../runtime-foundation

  packages/generated-models:
    dependencies:
      '@taxat/contracts-core':
        specifier: workspace:*
        version: link:../contracts-core

  packages/native-platform:
    dependencies:
      '@taxat/contracts-core':
        specifier: workspace:*
        version: link:../contracts-core
      '@taxat/generated-models':
        specifier: workspace:*
        version: link:../generated-models
      '@taxat/runtime-foundation':
        specifier: workspace:*
        version: link:../runtime-foundation

  packages/runtime-foundation:
    dependencies:
      '@taxat/contracts-core':
        specifier: workspace:*
        version: link:../contracts-core
      '@taxat/generated-models':
        specifier: workspace:*
        version: link:../generated-models

  packages/testing-harnesses:
    dependencies:
      '@taxat/contracts-core':
        specifier: workspace:*
        version: link:../contracts-core
      '@taxat/domain-kernel':
        specifier: workspace:*
        version: link:../domain-kernel
      '@taxat/generated-models':
        specifier: workspace:*
        version: link:../generated-models
      '@taxat/native-platform':
        specifier: workspace:*
        version: link:../native-platform
      '@taxat/runtime-foundation':
        specifier: workspace:*
        version: link:../runtime-foundation
      '@taxat/web-platform':
        specifier: workspace:*
        version: link:../web-platform

  packages/web-platform:
    dependencies:
      '@taxat/contracts-core':
        specifier: workspace:*
        version: link:../contracts-core
      '@taxat/generated-models':
        specifier: workspace:*
        version: link:../generated-models
      '@taxat/runtime-foundation':
        specifier: workspace:*
        version: link:../runtime-foundation

  tools/workspace-devx: {}

packages:

  '@biomejs/biome@2.4.12':
    resolution: {integrity: sha512-Rro7adQl3NLq/zJCIL98eElXKI8eEiBtoeu5TbXF/U3qbjuSc7Jb5rjUbeHHcquDWeSf3HnGP7XI5qGrlRk/pA==}
    engines: {node: '>=14.21.3'}
    hasBin: true

  '@biomejs/cli-darwin-arm64@2.4.12':
    resolution: {integrity: sha512-BnMU4Pc3ciEVteVpZ0BK33MLr7X57F5w1dwDLDn+/iy/yTrA4Q/N2yftidFtsA4vrDh0FMXDpacNV/Tl3fbmng==}
    engines: {node: '>=14.21.3'}
    cpu: [arm64]
    os: [darwin]

  '@biomejs/cli-darwin-x64@2.4.12':
    resolution: {integrity: sha512-x9uJ0bI1rJsWICp3VH8w/5PnAVD3A7SqzDpbrfoUQX1QyWrK5jSU4fRLo/wSgGeplCivbxBRKmt5Xq4/nWvq8A==}
    engines: {node: '>=14.21.3'}
    cpu: [x64]
    os: [darwin]

  '@biomejs/cli-linux-arm64-musl@2.4.12':
    resolution: {integrity: sha512-FhfpkAAlKL6kwvcVap0Hgp4AhZmtd3YImg0kK1jd7C/aSoh4SfsB2f++yG1rU0lr8Y5MCFJrcSkmssiL9Xnnig==}
    engines: {node: '>=14.21.3'}
    cpu: [arm64]
    os: [linux]

  '@biomejs/cli-linux-arm64@2.4.12':
    resolution: {integrity: sha512-tOwuCuZZtKi1jVzbk/5nXmIsziOB6yqN8c9r9QM0EJYPU6DpQWf11uBOSCfFKKM4H3d9ZoarvlgMfbcuD051Pw==}
    engines: {node: '>=14.21.3'}
    cpu: [arm64]
    os: [linux]

  '@biomejs/cli-linux-x64-musl@2.4.12':
    resolution: {integrity: sha512-dwTIgZrGutzhkQCuvHynCkyW6hJxUuyZqKKO0YNfaS2GUoRO+tOvxXZqZB6SkWAOdfZTzwaw8IEdUnIkHKHoew==}
    engines: {node: '>=14.21.3'}
    cpu: [x64]
    os: [linux]

  '@biomejs/cli-linux-x64@2.4.12':
    resolution: {integrity: sha512-8pFeAnLU9QdW9jCIslB/v82bI0lhBmz2ZAKc8pVMFPO0t0wAHsoEkrUQUbMkIorTRIjbqyNZHA3lEXavsPWYSw==}
    engines: {node: '>=14.21.3'}
    cpu: [x64]
    os: [linux]

  '@biomejs/cli-win32-arm64@2.4.12':
    resolution: {integrity: sha512-B0DLnx0vA9ya/3v7XyCaP+/lCpnbWbMOfUFFve+xb5OxyYvdHaS55YsSddr228Y+JAFk58agCuZTsqNiw2a6ig==}
    engines: {node: '>=14.21.3'}
    cpu: [arm64]
    os: [win32]

  '@biomejs/cli-win32-x64@2.4.12':
    resolution: {integrity: sha512-yMckRzTyZ83hkk8iDFWswqSdU8tvZxspJKnYNh7JZr/zhZNOlzH13k4ecboU6MurKExCe2HUkH75pGI/O2JwGA==}
    engines: {node: '>=14.21.3'}
    cpu: [x64]
    os: [win32]

  '@playwright/test@1.59.1':
    resolution: {integrity: sha512-PG6q63nQg5c9rIi4/Z5lR5IVF7yU5MqmKaPOe0HSc0O2cX1fPi96sUQu5j7eo4gKCkB2AnNGoWt7y4/Xx3Kcqg==}
    engines: {node: '>=18'}
    hasBin: true

  '@turbo/darwin-64@2.9.6':
    resolution: {integrity: sha512-X/56SnVXIQZBLKwniGTwEQTGmtE5brSACnKMBWpY3YafuxVYefrC2acamfjgxP7BG5w3I+6jf0UrLoSzgPcSJg==}
    cpu: [x64]
    os: [darwin]

  '@turbo/darwin-arm64@2.9.6':
    resolution: {integrity: sha512-aalBeSl4agT/QtYGDyf/XLajedWzUC9Vg/pm/YO6QQ93vkQ91Vz5uK1ta5RbVRDozQSz4njxUNqRNmOXDzW+qw==}
    cpu: [arm64]
    os: [darwin]

  '@turbo/linux-64@2.9.6':
    resolution: {integrity: sha512-YKi05jnNHaD7vevgYwahpzGwbsNNTwzU2c7VZdmdFm7+cGDP4oREUWSsainiMfRqjRuolQxBwRn8wf1jmu+YZA==}
    cpu: [x64]
    os: [linux]

  '@turbo/linux-arm64@2.9.6':
    resolution: {integrity: sha512-02o/ZS69cOYEDczXvOB2xmyrtzjQ2hVFtWZK1iqxXUfzMmTjZK4UumrfNnjckSg+gqeBfnPRHa0NstA173Ik3g==}
    cpu: [arm64]
    os: [linux]

  '@turbo/windows-64@2.9.6':
    resolution: {integrity: sha512-wVdQjvnBI15wB6JrA+43CtUtagjIMmX6XYO758oZHAsCNSxqRlJtdyujih0D8OCnwCRWiGWGI63zAxR0hO6s9g==}
    cpu: [x64]
    os: [win32]

  '@turbo/windows-arm64@2.9.6':
    resolution: {integrity: sha512-1XUUyWW0W6FTSqGEhU8RHVqb2wP1SPkr7hIvBlMEwH9jr+sJQK5kqeosLJ/QaUv4ecSAd1ZhIrLoW7qslAzT4A==}
    cpu: [arm64]
    os: [win32]

  '@types/node@24.12.2':
    resolution: {integrity: sha512-A1sre26ke7HDIuY/M23nd9gfB+nrmhtYyMINbjI1zHJxYteKR6qSMX56FsmjMcDb3SMcjJg5BiRRgOCC/yBD0g==}

  fsevents@2.3.2:
    resolution: {integrity: sha512-xiqMQR4xAeHTuB9uWm+fFRcIOgKBMiOBP+eXiyT7jsgVCq1bkVygt00oASowB7EdtpOHaaPgKt812P9ab+DDKA==}
    engines: {node: ^8.16.0 || ^10.6.0 || >=11.0.0}
    os: [darwin]

  fsevents@2.3.3:
    resolution: {integrity: sha512-5xoDfX+fL7faATnagmWPpbFtwh/R77WmMMqqHGS65C3vvB0YHrgF+B1YmZ3441tMj5n63k0212XNoJwzlhffQw==}
    engines: {node: ^8.16.0 || ^10.6.0 || >=11.0.0}
    os: [darwin]

  playwright-core@1.59.1:
    resolution: {integrity: sha512-HBV/RJg81z5BiiZ9yPzIiClYV/QMsDCKUyogwH9p3MCP6IYjUFu/MActgYAvK0oWyV9NlwM3GLBjADyWgydVyg==}
    engines: {node: '>=18'}
    hasBin: true

  playwright@1.59.1:
    resolution: {integrity: sha512-C8oWjPR3F81yljW9o5OxcWzfh6avkVwDD2VYdwIGqTkl+OGFISgypqzfu7dOe4QNLL2aqcWBmI3PMtLIK233lw==}
    engines: {node: '>=18'}
    hasBin: true

  pyright@1.1.409:
    resolution: {integrity: sha512-13VFQyw4mJzshZxcxiYbNjo1hG/WHSRDj70Y3lbJEHqCkI2dvBAUTti8VV6Ezsr5gT93pFvC0e/jAQS4JdHarA==}
    engines: {node: '>=14.0.0'}
    hasBin: true

  turbo@2.9.6:
    resolution: {integrity: sha512-+v2QJey7ZUeUiuigkU+uFfklvNUyPI2VO2vBpMYJA+a1hKFLFiKtUYlRHdb3P9CrAvMzi0upbjI4WT+zKtqkBg==}
    hasBin: true

  typescript@5.9.3:
    resolution: {integrity: sha512-jl1vZzPDinLr9eUt3J/t7V6FgNEw9QjvBPdysz9KfQDD41fQrC2Y4vKQdiaUpFT4bXlb1RHhLpp8wtm6M5TgSw==}
    engines: {node: '>=14.17'}
    hasBin: true

  undici-types@7.16.0:
    resolution: {integrity: sha512-Zz+aZWSj8LE6zoxD+xrjh4VfkIG8Ya6LvYkZqtUQGJPZjYl53ypCaUwWqo7eI0x66KBGeRo+mlBEkMSeSZ38Nw==}

snapshots:

  '@biomejs/biome@2.4.12':
    optionalDependencies:
      '@biomejs/cli-darwin-arm64': 2.4.12
      '@biomejs/cli-darwin-x64': 2.4.12
      '@biomejs/cli-linux-arm64': 2.4.12
      '@biomejs/cli-linux-arm64-musl': 2.4.12
      '@biomejs/cli-linux-x64': 2.4.12
      '@biomejs/cli-linux-x64-musl': 2.4.12
      '@biomejs/cli-win32-arm64': 2.4.12
      '@biomejs/cli-win32-x64': 2.4.12

  '@biomejs/cli-darwin-arm64@2.4.12':
    optional: true

  '@biomejs/cli-darwin-x64@2.4.12':
    optional: true

  '@biomejs/cli-linux-arm64-musl@2.4.12':
    optional: true

  '@biomejs/cli-linux-arm64@2.4.12':
    optional: true

  '@biomejs/cli-linux-x64-musl@2.4.12':
    optional: true

  '@biomejs/cli-linux-x64@2.4.12':
    optional: true

  '@biomejs/cli-win32-arm64@2.4.12':
    optional: true

  '@biomejs/cli-win32-x64@2.4.12':
    optional: true

  '@playwright/test@1.59.1':
    dependencies:
      playwright: 1.59.1

  '@turbo/darwin-64@2.9.6':
    optional: true

  '@turbo/darwin-arm64@2.9.6':
    optional: true

  '@turbo/linux-64@2.9.6':
    optional: true

  '@turbo/linux-arm64@2.9.6':
    optional: true

  '@turbo/windows-64@2.9.6':
    optional: true

  '@turbo/windows-arm64@2.9.6':
    optional: true

  '@types/node@24.12.2':
    dependencies:
      undici-types: 7.16.0

  fsevents@2.3.2:
    optional: true

  fsevents@2.3.3:
    optional: true

  playwright-core@1.59.1: {}

  playwright@1.59.1:
    dependencies:
      playwright-core: 1.59.1
    optionalDependencies:
      fsevents: 2.3.2

  pyright@1.1.409:
    optionalDependencies:
      fsevents: 2.3.3

  turbo@2.9.6:
    optionalDependencies:
      '@turbo/darwin-64': 2.9.6
      '@turbo/darwin-arm64': 2.9.6
      '@turbo/linux-64': 2.9.6
      '@turbo/linux-arm64': 2.9.6
      '@turbo/windows-64': 2.9.6
      '@turbo/windows-arm64': 2.9.6

  typescript@5.9.3: {}

  undici-types@7.16.0: {}
